
Microsoft Visual Studio Solution File, Format Version 12.00
# Visual Studio Version 17
VisualStudioVersion = 17.8.34322.80
MinimumVisualStudioVersion = 10.0.40219.1
Project("{FAE04EC0-301F-11D3-BF4B-00C04F79EFBC}") = "TutorialBlazorServerConfigurationSources", "TutorialBlazorServerConfigurationSources.csproj", "{BB3152D5-151F-4A59-803B-576DCCD9E09F}"
EndProject
Global
	GlobalSection(SolutionConfigurationPlatforms) = preSolution
		Debug|Any CPU = Debug|Any CPU
		Release|Any CPU = Release|Any CPU
	EndGlobalSection
	GlobalSection(ProjectConfigurationPlatforms) = postSolution
		{BB3152D5-151F-4A59-803B-576DCCD9E09F}.Debug|Any CPU.ActiveCfg = Debug|Any CPU
		{BB3152D5-151F-4A59-803B-576DCCD9E09F}.Debug|Any CPU.Build.0 = Debug|Any CPU
		{BB3152D5-151F-4A59-803B-576DCCD9E09F}.Release|Any CPU.ActiveCfg = Release|Any CPU
		{BB3152D5-151F-4A59-803B-576DCCD9E09F}.Release|Any CPU.Build.0 = Release|Any CPU
	EndGlobalSection
	GlobalSection(SolutionProperties) = preSolution
		HideSolutionNode = FALSE
	EndGlobalSection
	GlobalSection(ExtensibilityGlobals) = postSolution
		SolutionGuid = {D8B93D97-0D79-4F2C-9526-2BD9178F9C21}
	EndGlobalSection
EndGlobal
